// !$*UTF8*$!
{
	archiveVersion = 1;
	classes = {
	};
	objectVersion = 46;
	objects = {

/* Begin PBXBuildFile section */
		D44FC4001C5FD84C00AF9DA9 /* AppDelegate.swift in Sources */ = {isa = PBXBuildFile; fileRef = D44FC3FF1C5FD84C00AF9DA9 /* AppDelegate.swift */; };
		D44FC4021C5FD84C00AF9DA9 /* ViewController.swift in Sources */ = {isa = PBXBuildFile; fileRef = D44FC4011C5FD84C00AF9DA9 /* ViewController.swift */; };
		D44FC4051C5FD84C00AF9DA9 /* Main.storyboard in Resources */ = {isa = PBXBuildFile; fileRef = D44FC4031C5FD84C00AF9DA9 /* Main.storyboard */; };
		D44FC4071C5FD84C00AF9DA9 /* Assets.xcassets in Resources */ = {isa = PBXBuildFile; fileRef = D44FC4061C5FD84C00AF9DA9 /* Assets.xcassets */; };
		D44FC40A1C5FD84C00AF9DA9 /* LaunchScreen.storyboard in Resources */ = {isa = PBXBuildFile; fileRef = D44FC4081C5FD84C00AF9DA9 /* LaunchScreen.storyboard */; };
/* End PBXBuildFile section */

/* Begin PBXFileReference section */
		D44FC3FC1C5FD84C00AF9DA9 /* SuperCool.app */ = {isa = PBXFileReference; explicitFileType = wrapper.application; includeInIndex = 0; path = SuperCool.app; sourceTree = BUILT_PRODUCTS_DIR; };
		D44FC3FF1C5FD84C00AF9DA9 /* AppDelegate.swift */ = {isa = PBXFileReference; lastKnownFileType = sourcecode.swift; path = AppDelegate.swift; sourceTree = "<group>"; };
		D44FC4011C5FD84C00AF9DA9 /* ViewController.swift */ = {isa = PBXFileReference; lastKnownFileType = sourcecode.swift; path = ViewController.swift; sourceTree = "<group>"; };
		D44FC4041C5FD84C00AF9DA9 /* Base */ = {isa = PBXFileReference; lastKnownFileType = file.storyboard; name = Base; path = Base.lproj/Main.storyboard; sourceTree = "<group>"; };
		D44FC4061C5FD84C00AF9DA9 /* Assets.xcassets */ = {isa = PBXFileReference; lastKnownFileType = folder.assetcatalog; path = Assets.xcassets; sourceTree = "<group>"; };
		D44FC4091C5FD84C00AF9DA9 /* Base */ = {isa = PBXFileReference; lastKnownFileType = file.storyboard; name = Base; path = Base.lproj/LaunchScreen.storyboard; sourceTree = "<group>"; };
		D44FC40B1C5FD84C00AF9DA9 /* Info.plist */ = {isa = PBXFileReference; lastKnownFileType = text.plist.xml; path = Info.plist; sourceTree = "<group>"; };
/* End PBXFileReference section */

/* Begin PBXFrameworksBuildPhase section */
		D44FC3F91C5FD84C00AF9DA9 /* Frameworks */ = {
			isa = PBXFrameworksBuildPhase;
			buildActionMask = 2147483647;
			files = (
			);
			runOnlyForDeploymentPostprocessing = 0;
		};
/* End PBXFrameworksBuildPhase section */

/* Begin PBXGroup section */
		D44FC3F31C5FD84B00AF9DA9 = {
			isa = PBXGroup;
			children = (
				D44FC3FE1C5FD84C00AF9DA9 /* SuperCool */,
				D44FC3FD1C5FD84C00AF9DA9 /* Products */,
			);
			sourceTree = "<group>";
		};
		D44FC3FD1C5FD84C00AF9DA9 /* Products */ = {
			isa = PBXGroup;
			children = (
				D44FC3FC1C5FD84C00AF9DA9 /* SuperCool.app */,
			);
			name = Products;
			sourceTree = "<group>";
		};
		D44FC3FE1C5FD84C00AF9DA9 /* SuperCool */ = {
			isa = PBXGroup;
			children = (
				D44FC3FF1C5FD84C00AF9DA9 /* AppDelegate.swift */,
				D44FC4011C5FD84C00AF9DA9 /* ViewController.swift */,
				D44FC4031C5FD84C00AF9DA9 /* Main.storyboard */,
				D44FC4061C5FD84C00AF9DA9 /* Assets.xcassets */,
				D44FC4081C5FD84C00AF9DA9 /* LaunchScreen.storyboard */,
				D44FC40B1C5FD84C00AF9DA9 /* Info.plist */,
			);
			path = SuperCool;
			sourceTree = "<group>";
		};
/* End PBXGroup section */

/* Begin PBXNativeTarget section */
		D44FC3FB1C5FD84C00AF9DA9 /* SuperCool */ = {
			isa = PBXNativeTarget;
			buildConfigurationList = D44FC40E1C5FD84C00AF9DA9 /* Build configuration list for PBXNativeTarget "SuperCool" */;
			buildPhases = (
				D44FC3F81C5FD84C00AF9DA9 /* Sources */,
				D44FC3F91C5FD84C00AF9DA9 /* Frameworks */,
				D44FC3FA1C5FD84C00AF9DA9 /* Resources */,
			);
			buildRules = (
			);
			dependencies = (
			);
			name = SuperCool;
			productName = SuperCool;
			productReference = D44FC3FC1C5FD84C00AF9DA9 /* SuperCool.app */;
			productType = "com.apple.product-type.application";
		};
/* End PBXNativeTarget section */

/* Begin PBXProject section */
		D44FC3F41C5FD84B00AF9DA9 /* Project object */ = {
			isa = PBXProject;
			attributes = {
				LastSwiftUpdateCheck = 0720;
				LastUpgradeCheck = 0720;
				ORGANIZATIONNAME = wipro;
				TargetAttributes = {
					D44FC3FB1C5FD84C00AF9DA9 = {
						CreatedOnToolsVersion = 7.2;
					};
				};
			};
			buildConfigurationList = D44FC3F71C5FD84B00AF9DA9 /* Build configuration list for PBXProject "SuperCool" */;
			compatibilityVersion = "Xcode 3.2";
			developmentRegion = English;
			hasScannedForEncodings = 0;
			knownRegions = (
				en,
				Base,
			);
			mainGroup = D44FC3F31C5FD84B00AF9DA9;
			productRefGroup = D44FC3FD1C5FD84C00AF9DA9 /* Products */;
			projectDirPath = "";
			projectRoot = "";
			targets = (
				D44FC3FB1C5FD84C00AF9DA9 /* SuperCool */,
			);
		};
/* End PBXProject section */

/* Begin PBXResourcesBuildPhase section */
		D44FC3FA1C5FD84C00AF9DA9 /* Resources */ = {
			isa = PBXResourcesBuildPhase;
			buildActionMask = 2147483647;
			files = (
				D44FC40A1C5FD84C00AF9DA9 /* LaunchScreen.storyboard in Resources */,
				D44FC4071C5FD84C00AF9DA9 /* Assets.xcassets in Resources */,
				D44FC4051C5FD84C00AF9DA9 /* Main.storyboard in Resources */,
			);
			runOnlyForDeploymentPostprocessing = 0;
		};
/* End PBXResourcesBuildPhase section */

/* Begin PBXSourcesBuildPhase section */
		D44FC3F81C5FD84C00AF9DA9 /* Sources */ = {
			isa = PBXSourcesBuildPhase;
			buildActionMask = 2147483647;
			files = (
				D44FC4021C5FD84C00AF9DA9 /* ViewController.swift in Sources */,
				D44FC4001C5FD84C00AF9DA9 /* AppDelegate.swift in Sources */,
			);
			runOnlyForDeploymentPostprocessing = 0;
		};
/* End PBXSourcesBuildPhase section */

/* Begin PBXVariantGroup section */
		D44FC4031C5FD84C00AF9DA9 /* Main.storyboard */ = {
			isa = PBXVariantGroup;
			children = (
				D44FC4041C5FD84C00AF9DA9 /* Base */,
			);
			name = Main.storyboard;
			sourceTree = "<group>";
		};
		D44FC4081C5FD84C00AF9DA9 /* LaunchScreen.storyboard */ = {
			isa = PBXVariantGroup;
			children = (
				D44FC4091C5FD84C00AF9DA9 /* Base */,
			);
			name = LaunchScreen.storyboard;
			sourceTree = "<group>";
		};
/* End PBXVariantGroup section */

/* Begin XCBuildConfiguration section */
		D44FC40C1C5FD84C00AF9DA9 /* Debug */ = {
			isa = XCBuildConfiguration;
			buildSettings = {
				ALWAYS_SEARCH_USER_PATHS = NO;
				CLANG_CXX_LANGUAGE_STANDARD = "gnu++0x";
				CLANG_CXX_LIBRARY = "libc++";
				CLANG_ENABLE_MODULES = YES;
				CLANG_ENABLE_OBJC_ARC = YES;
				CLANG_WARN_BOOL_CONVERSION = YES;
				CLANG_WARN_CONSTANT_CONVERSION = YES;
				CLANG_WARN_DIRECT_OBJC_ISA_USAGE = YES_ERROR;
				CLANG_WARN_EMPTY_BODY = YES;
				CLANG_WARN_ENUM_CONVERSION = YES;
				CLANG_WARN_INT_CONVERSION = YES;
				CLANG_WARN_OBJC_ROOT_CLASS = YES_ERROR;
				CLANG_WARN_UNREACHABLE_CODE = YES;
				CLANG_WARN__DUPLICATE_METHOD_MATCH = YES;
				"CODE_SIGN_IDENTITY[sdk=iphoneos*]" = "iPhone Developer";
				COPY_PHASE_STRIP = NO;
				DEBUG_INFORMATION_FORMAT = dwarf;
				ENABLE_STRICT_OBJC_MSGSEND = YES;
				ENABLE_TESTABILITY = YES;
				GCC_C_LANGUAGE_STANDARD = gnu99;
				GCC_DYNAMIC_NO_PIC = NO;
				GCC_NO_COMMON_BLOCKS = YES;
				GCC_OPTIMIZATION_LEVEL = 0;
				GCC_PREPROCESSOR_DEFINITIONS = (
					"DEBUG=1",
					"$(inherited)",
				);
				GCC_WARN_64_TO_32_BIT_CONVERSION = YES;
				GCC_WARN_ABOUT_RETURN_TYPE = YES_ERROR;
				GCC_WARN_UNDECLARED_SELECTOR = YES;
				GCC_WARN_UNINITIALIZED_AUTOS = YES_AGGRESSIVE;
				GCC_WARN_UNUSED_FUNCTION = YES;
				GCC_WARN_UNUSED_VARIABLE = YES;
				IPHONEOS_DEPLOYMENT_TARGET = 9.2;
				MTL_ENABLE_DEBUG_INFO = YES;
				ONLY_ACTIVE_ARCH = YES;
				SDKROOT = iphoneos;
				SWIFT_OPTIMIZATION_LEVEL = "-Onone";
				TARGETED_DEVICE_FAMILY = "1,2";
			};
			name = Debug;
		};
		D44FC40D1C5FD84C00AF9DA9 /* Release */ = {
			isa = XCBuildConfiguration;
			buildSettings = {
				ALWAYS_SEARCH_USER_PATHS = NO;
				CLANG_CXX_LANGUAGE_STANDARD = "gnu++0x";
				CLANG_CXX_LIBRARY = "libc++";
				CLANG_ENABLE_MODULES = YES;
				CLANG_ENABLE_OBJC_ARC = YES;
				CLANG_WARN_BOOL_CONVERSION = YES;
				CLANG_WARN_CONSTANT_CONVERSION = YES;
				CLANG_WARN_DIRECT_OBJC_ISA_USAGE = YES_ERROR;
				CLANG_WARN_EMPTY_BODY = YES;
				CLANG_WARN_ENUM_CONVERSION = YES;
				CLANG_WARN_INT_CONVERSION = YES;
				CLANG_WARN_OBJC_ROOT_CLASS = YES_ERROR;
				CLANG_WARN_UNREACHABLE_CODE = YES;
				CLANG_WARN__DUPLICATE_METHOD_MATCH = YES;
				"CODE_SIGN_IDENTITY[sdk=iphoneos*]" = "iPhone Developer";
				COPY_PHASE_STRIP = NO;
				DEBUG_INFORMATION_FORMAT = "dwarf-with-dsym";
				ENABLE_NS_ASSERTIONS = NO;
				ENABLE_STRICT_OBJC_MSGSEND = YES;
				GCC_C_LANGUAGE_STANDARD = gnu99;
				GCC_NO_COMMON_BLOCKS = YES;
				GCC_WARN_64_TO_32_BIT_CONVERSION = YES;
				GCC_WARN_ABOUT_RETURN_TYPE = YES_ERROR;
				GCC_WARN_UNDECLARED_SELECTOR = YES;
				GCC_WARN_UNINITIALIZED_AUTOS = YES_AGGRESSIVE;
				GCC_WARN_UNUSED_FUNCTION = YES;
				GCC_WARN_UNUSED_VARIABLE = YES;
				IPHONEOS_DEPLOYMENT_TARGET = 9.2;
				MTL_ENABLE_DEBUG_INFO = NO;
				SDKROOT = iphoneos;
				TARGETED_DEVICE_FAMILY = "1,2";
				VALIDATE_PRODUCT = YES;
			};
			name = Release;
		};
		D44FC40F1C5FD84C00AF9DA9 /* Debug */ = {
			isa = XCBuildConfiguration;
			buildSettings = {
				ASSETCATALOG_COMPILER_APPICON_NAME = AppIcon;
				INFOPLIST_FILE = SuperCool/Info.plist;
				LD_RUNPATH_SEARCH_PATHS = "$(inherited) @executable_path/Frameworks";
				PRODUCT_BUNDLE_IDENTIFIER = com.wipro.SuperCool;
				PRODUCT_NAME = "$(TARGET_NAME)";
			};
			name = Debug;
		};
		D44FC4101C5FD84C00AF9DA9 /* Release */ = {
			isa = XCBuildConfiguration;
			buildSettings = {
				ASSETCATALOG_COMPILER_APPICON_NAME = AppIcon;
				INFOPLIST_FILE = SuperCool/Info.plist;
				LD_RUNPATH_SEARCH_PATHS = "$(inherited) @executable_path/Frameworks";
				PRODUCT_BUNDLE_IDENTIFIER = com.wipro.SuperCool;
				PRODUCT_NAME = "$(TARGET_NAME)";
			};
			name = Release;
		};
/* End XCBuildConfiguration section */

/* Begin XCConfigurationList section */
		D44FC3F71C5FD84B00AF9DA9 /* Build configuration list for PBXProject "SuperCool" */ = {
			isa = XCConfigurationList;
			buildConfigurations = (
				D44FC40C1C5FD84C00AF9DA9 /* Debug */,
				D44FC40D1C5FD84C00AF9DA9 /* Release */,
			);
			defaultConfigurationIsVisible = 0;
			defaultConfigurationName = Release;
		};
		D44FC40E1C5FD84C00AF9DA9 /* Build configuration list for PBXNativeTarget "SuperCool" */ = {
			isa = XCConfigurationList;
			buildConfigurations = (
				D44FC40F1C5FD84C00AF9DA9 /* Debug */,
				D44FC4101C5FD84C00AF9DA9 /* Release */,
			);
			defaultConfigurationIsVisible = 0;
		};
/* End XCConfigurationList section */
	};
	rootObject = D44FC3F41C5FD84B00AF9DA9 /* Project object */;
}
